
Microsoft Visual Studio Solution File, Format Version 12.00
# Visual Studio 15
VisualStudioVersion = 15.0.27004.2005
MinimumVisualStudioVersion = 10.0.40219.1
Project("{FAE04EC0-301F-11D3-BF4B-00C04F79EFBC}") = "AlgoIntersect", "AlgoIntersect\AlgoIntersect.csproj", "{B0C5CDB1-B29A-46D9-89AE-A8CE9FDD9AA2}"
EndProject
Global
	GlobalSection(SolutionConfigurationPlatforms) = preSolution
		Debug|Any CPU = Debug|Any CPU
		Release|Any CPU = Release|Any CPU
	EndGlobalSection
	GlobalSection(ProjectConfigurationPlatforms) = postSolution
		{B0C5CDB1-B29A-46D9-89AE-A8CE9FDD9AA2}.Debug|Any CPU.ActiveCfg = Debug|Any CPU
		{B0C5CDB1-B29A-46D9-89AE-A8CE9FDD9AA2}.Debug|Any CPU.Build.0 = Debug|Any CPU
		{B0C5CDB1-B29A-46D9-89AE-A8CE9FDD9AA2}.Release|Any CPU.ActiveCfg = Release|Any CPU
		{B0C5CDB1-B29A-46D9-89AE-A8CE9FDD9AA2}.Release|Any CPU.Build.0 = Release|Any CPU
	EndGlobalSection
	GlobalSection(SolutionProperties) = preSolution
		HideSolutionNode = FALSE
	EndGlobalSection
	GlobalSection(ExtensibilityGlobals) = postSolution
		SolutionGuid = {83A14EAF-A7A2-45E7-9DB9-E96229036D28}
	EndGlobalSection
EndGlobal
